github.com/KimMachineGun/automemlimit v0.7.5 h1:RkbaC0MwhjL1ZuBKunGDjE/ggwAX43DwZrJqVwyveTk=
github.com/KimMachineGun/automemlimit v0.7.5/go.mod h1:QZxpHaGOQoYvFhv/r4u3U0JTC2ZcOwbSr11UZF46UBM=
github.com/pbnjay/memory v0.0.0-20210728143218-7b4eea64cf58 h1:onHthvaw9LFnH4t2DcNVpwGmV9E1BkGknEliJkfwQj0=
github.com/pbnjay/memory v0.0.0-20210728143218-7b4eea64cf58/go.mod h1:DXv8WO4yhMYhSNPKjeNKa5WY9YCIEBRbNzFFPJbWO6Y=
github.com/ryanavella/wide v0.0.0-20190709032049-e93517939246 h1:0SZhYbgJP6nLl9eR1jA52I3ODO/k/a7hfvj2hXYqgbg=
github.com/ryanavella/wide v0.0.0-20190709032049-e93517939246/go.mod h1:BSx6mpeWyxA4fQ+ZQ54r4tiWVIwNR1BS4s28OWXr9Ns=
github.com/x448/float16 v0.8.4 h1:qLwI1I70+NjRFUR3zs1JPUCgaCXSh3SW62uAKT1mSBM=
github.com/x448/float16 v0.8.4/go.mod h1:14CWIYCyZA/cWjXOioeEpHeN/83MdbZDRQHoFcYsOfg=
golang.org/x/text v0.37.0 h1:Cqjiwd9eSg8e0QAkyCaQTNHFIIzWtidPahFWR83rTrc=
golang.org/x/text v0.37.0/go.mod h1:a5sjxXGs9hsn/AJVwuElvCAo9v8QYLzvavO5z2PiM38=
lukechampine.com/uint128 v1.3.0 h1:cDdUVfRwDUDovz610ABgFD17nXD4/uDgVHl2sC3+sbo=
lukechampine.com/uint128 v1.3.0/go.mod h1:c4eWIwlEGaxC/+H1VguhU4PHXNWDCDMUlWdIWl2j1gk=
